{
  "requires": true,
  "lockfileVersion": 1,
  "dependencies": {
    "@dcloudio/uni-helper-json": {
      "version": "1.0.6",
      "resolved": "https://registry.npmjs.org/@dcloudio/uni-helper-json/-/uni-helper-json-1.0.6.tgz",
      "integrity": "sha512-r0NGInnPGuP0LujELKoNYioi8xlIBguqjR5JxN8EYP0H/aMKZ2FzTBHB+vNrPS+B3fKPXt2902jKi3iDEePaNQ=="
    }
  }
}
